
Microsoft Visual Studio Solution File, Format Version 12.00
# Visual Studio Version 17
VisualStudioVersion = 17.6.33723.286
MinimumVisualStudioVersion = 10.0.40219.1
Project("{FAE04EC0-301F-11D3-BF4B-00C04F79EFBC}") = "b-school", "b-school.csproj", "{91A9E175-1540-427B-BFA9-7D2A6DEF83C9}"
EndProject
Global
	GlobalSection(SolutionConfigurationPlatforms) = preSolution
		Debug|Any CPU = Debug|Any CPU
		Release|Any CPU = Release|Any CPU
	EndGlobalSection
	GlobalSection(ProjectConfigurationPlatforms) = postSolution
		{91A9E175-1540-427B-BFA9-7D2A6DEF83C9}.Debug|Any CPU.ActiveCfg = Debug|Any CPU
		{91A9E175-1540-427B-BFA9-7D2A6DEF83C9}.Debug|Any CPU.Build.0 = Debug|Any CPU
		{91A9E175-1540-427B-BFA9-7D2A6DEF83C9}.Release|Any CPU.ActiveCfg = Release|Any CPU
		{91A9E175-1540-427B-BFA9-7D2A6DEF83C9}.Release|Any CPU.Build.0 = Release|Any CPU
	EndGlobalSection
	GlobalSection(SolutionProperties) = preSolution
		HideSolutionNode = FALSE
	EndGlobalSection
	GlobalSection(ExtensibilityGlobals) = postSolution
		SolutionGuid = {998AED6D-39AD-4EAB-8973-B461C11E3748}
	EndGlobalSection
EndGlobal
