
Microsoft Visual Studio Solution File, Format Version 12.00
# Visual Studio Version 17
VisualStudioVersion = 17.6.33723.286
MinimumVisualStudioVersion = 10.0.40219.1
Project("{FAE04EC0-301F-11D3-BF4B-00C04F79EFBC}") = "webschool", "webschool.csproj", "{AB07D853-0E55-4F20-AFE4-E394B0B0658D}"
EndProject
Global
	GlobalSection(SolutionConfigurationPlatforms) = preSolution
		Debug|Any CPU = Debug|Any CPU
		Release|Any CPU = Release|Any CPU
	EndGlobalSection
	GlobalSection(ProjectConfigurationPlatforms) = postSolution
		{AB07D853-0E55-4F20-AFE4-E394B0B0658D}.Debug|Any CPU.ActiveCfg = Debug|Any CPU
		{AB07D853-0E55-4F20-AFE4-E394B0B0658D}.Debug|Any CPU.Build.0 = Debug|Any CPU
		{AB07D853-0E55-4F20-AFE4-E394B0B0658D}.Release|Any CPU.ActiveCfg = Release|Any CPU
		{AB07D853-0E55-4F20-AFE4-E394B0B0658D}.Release|Any CPU.Build.0 = Release|Any CPU
	EndGlobalSection
	GlobalSection(SolutionProperties) = preSolution
		HideSolutionNode = FALSE
	EndGlobalSection
	GlobalSection(ExtensibilityGlobals) = postSolution
		SolutionGuid = {0920E47C-6EA6-4B75-A58D-04FBC31A5FDB}
	EndGlobalSection
EndGlobal
